<?xml version="1.0" encoding="utf-8"?>
<Project ToolsVersion="4.0" xmlns="http://schemas.microsoft.com/developer/msbuild/2003">
  <ItemGroup>
    <Xml Include="WMAppManifest.xml" />
  </ItemGroup>
  <ItemGroup>
    <Filter Include="Classes">
      <UniqueIdentifier>{6b01a7f3-567e-4cda-b76a-33a9464c308e}</UniqueIdentifier>
    </Filter>
  </ItemGroup>
  <ItemGroup>
    <ClCompile Include="VGPCpp.cpp">
      <Filter>Classes</Filter>
    </ClCompile>
    <ClCompile Include="..\Classes\VGPLib\SceneEngine.cpp">
      <Filter>Classes</Filter>
    </ClCompile>
    <ClCompile Include="..\Classes\VGPLib\VGPClip.cpp">
      <Filter>Classes</Filter>
    </ClCompile>
    <ClCompile Include="..\Classes\VGPLib\VGPLabel.cpp">
      <Filter>Classes</Filter>
    </ClCompile>
    <ClCompile Include="..\Classes\VGPLib\VGPLib.cpp">
      <Filter>Classes</Filter>
    </ClCompile>
    <ClCompile Include="..\Classes\VGPLib\VGPSprite.cpp">
      <Filter>Classes</Filter>
    </ClCompile>
    <ClCompile Include="..\Classes\AppDelegate.cpp">
      <Filter>Classes</Filter>
    </ClCompile>
    <ClCompile Include="..\Classes\CommonObject.cpp">
      <Filter>Classes</Filter>
    </ClCompile>
    <ClCompile Include="..\Classes\Effect.cpp">
      <Filter>Classes</Filter>
    </ClCompile>
    <ClCompile Include="..\Classes\FileOperation.cpp">
      <Filter>Classes</Filter>
    </ClCompile>
    <ClCompile Include="..\Classes\GameLevel.cpp">
      <Filter>Classes</Filter>
    </ClCompile>
    <ClCompile Include="..\Classes\GameOverScene.cpp">
      <Filter>Classes</Filter>
    </ClCompile>
    <ClCompile Include="..\Classes\GameState.cpp">
      <Filter>Classes</Filter>
    </ClCompile>
    <ClCompile Include="..\Classes\InGameScene.cpp">
      <Filter>Classes</Filter>
    </ClCompile>
    <ClCompile Include="..\Classes\LogoScene.cpp">
      <Filter>Classes</Filter>
    </ClCompile>
    <ClCompile Include="..\Classes\MainMenuScene.cpp">
      <Filter>Classes</Filter>
    </ClCompile>
    <ClCompile Include="..\Classes\Particles.cpp">
      <Filter>Classes</Filter>
    </ClCompile>
    <ClCompile Include="..\Classes\Popular.cpp">
      <Filter>Classes</Filter>
    </ClCompile>
    <ClCompile Include="..\Classes\ShowRememberScene.cpp">
      <Filter>Classes</Filter>
    </ClCompile>
  </ItemGroup>
  <ItemGroup>
    <ClInclude Include="VGPCpp.h">
      <Filter>Classes</Filter>
    </ClInclude>
    <ClInclude Include="..\Classes\Building\FontDefine.h">
      <Filter>Classes</Filter>
    </ClInclude>
    <ClInclude Include="..\Classes\Building\GuiDefine.h">
      <Filter>Classes</Filter>
    </ClInclude>
    <ClInclude Include="..\Classes\Building\LevelDefine.h">
      <Filter>Classes</Filter>
    </ClInclude>
    <ClInclude Include="..\Classes\Building\SpriteDefine.h">
      <Filter>Classes</Filter>
    </ClInclude>
    <ClInclude Include="..\Classes\Building\TextDefine.h">
      <Filter>Classes</Filter>
    </ClInclude>
    <ClInclude Include="..\Classes\VGPLib\SceneEngine.h">
      <Filter>Classes</Filter>
    </ClInclude>
    <ClInclude Include="..\Classes\VGPLib\VGPClip.h">
      <Filter>Classes</Filter>
    </ClInclude>
    <ClInclude Include="..\Classes\VGPLib\VGPLabel.h">
      <Filter>Classes</Filter>
    </ClInclude>
    <ClInclude Include="..\Classes\VGPLib\VGPLib.h">
      <Filter>Classes</Filter>
    </ClInclude>
    <ClInclude Include="..\Classes\VGPLib\VGPSprite.h">
      <Filter>Classes</Filter>
    </ClInclude>
    <ClInclude Include="..\Classes\AppDelegate.h">
      <Filter>Classes</Filter>
    </ClInclude>
    <ClInclude Include="..\Classes\CommonObject.h">
      <Filter>Classes</Filter>
    </ClInclude>
    <ClInclude Include="..\Classes\Effect.h">
      <Filter>Classes</Filter>
    </ClInclude>
    <ClInclude Include="..\Classes\FileOperation.h">
      <Filter>Classes</Filter>
    </ClInclude>
    <ClInclude Include="..\Classes\GameLevel.h">
      <Filter>Classes</Filter>
    </ClInclude>
    <ClInclude Include="..\Classes\GameOverScene.h">
      <Filter>Classes</Filter>
    </ClInclude>
    <ClInclude Include="..\Classes\GameState.h">
      <Filter>Classes</Filter>
    </ClInclude>
    <ClInclude Include="..\Classes\InGameScene.h">
      <Filter>Classes</Filter>
    </ClInclude>
    <ClInclude Include="..\Classes\LogoScene.h">
      <Filter>Classes</Filter>
    </ClInclude>
    <ClInclude Include="..\Classes\MainMenuScene.h">
      <Filter>Classes</Filter>
    </ClInclude>
    <ClInclude Include="..\Classes\Particles.h">
      <Filter>Classes</Filter>
    </ClInclude>
    <ClInclude Include="..\Classes\Popular.h">
      <Filter>Classes</Filter>
    </ClInclude>
    <ClInclude Include="..\Classes\ShowRememberScene.h">
      <Filter>Classes</Filter>
    </ClInclude>
  </ItemGroup>
</Project>